
Microsoft Visual Studio Solution File, Format Version 12.00
# Visual Studio Version 17
VisualStudioVersion = 17.5.33414.496
MinimumVisualStudioVersion = 10.0.40219.1
Project("{FAE04EC0-301F-11D3-BF4B-00C04F79EFBC}") = "laboratorio3", "laboratorio3\laboratorio3.csproj", "{DEDE4137-2B96-4E67-8862-B26D30245D1E}"
EndProject
Global
	GlobalSection(SolutionConfigurationPlatforms) = preSolution
		Debug|Any CPU = Debug|Any CPU
		Release|Any CPU = Release|Any CPU
	EndGlobalSection
	GlobalSection(ProjectConfigurationPlatforms) = postSolution
		{DEDE4137-2B96-4E67-8862-B26D30245D1E}.Debug|Any CPU.ActiveCfg = Debug|Any CPU
		{DEDE4137-2B96-4E67-8862-B26D30245D1E}.Debug|Any CPU.Build.0 = Debug|Any CPU
		{DEDE4137-2B96-4E67-8862-B26D30245D1E}.Release|Any CPU.ActiveCfg = Release|Any CPU
		{DEDE4137-2B96-4E67-8862-B26D30245D1E}.Release|Any CPU.Build.0 = Release|Any CPU
	EndGlobalSection
	GlobalSection(SolutionProperties) = preSolution
		HideSolutionNode = FALSE
	EndGlobalSection
	GlobalSection(ExtensibilityGlobals) = postSolution
		SolutionGuid = {F3E21C04-5436-420F-859F-2C3B331047A1}
	EndGlobalSection
EndGlobal
